
Microsoft Visual Studio Solution File, Format Version 12.00
# Visual Studio 15
VisualStudioVersion = 15.0.27130.2020
MinimumVisualStudioVersion = 10.0.40219.1
Project("{FAE04EC0-301F-11D3-BF4B-00C04F79EFBC}") = "Purse", "Purse\Purse.csproj", "{F1C63F82-C52F-4C1B-B728-6555D5785757}"
EndProject
Global
	GlobalSection(SolutionConfigurationPlatforms) = preSolution
		Debug|Any CPU = Debug|Any CPU
		Release|Any CPU = Release|Any CPU
	EndGlobalSection
	GlobalSection(ProjectConfigurationPlatforms) = postSolution
		{F1C63F82-C52F-4C1B-B728-6555D5785757}.Debug|Any CPU.ActiveCfg = Debug|Any CPU
		{F1C63F82-C52F-4C1B-B728-6555D5785757}.Debug|Any CPU.Build.0 = Debug|Any CPU
		{F1C63F82-C52F-4C1B-B728-6555D5785757}.Release|Any CPU.ActiveCfg = Release|Any CPU
		{F1C63F82-C52F-4C1B-B728-6555D5785757}.Release|Any CPU.Build.0 = Release|Any CPU
	EndGlobalSection
	GlobalSection(SolutionProperties) = preSolution
		HideSolutionNode = FALSE
	EndGlobalSection
	GlobalSection(ExtensibilityGlobals) = postSolution
		SolutionGuid = {AB47425D-C0EF-4E51-92BA-C5A953EE7773}
	EndGlobalSection
EndGlobal
